// !$*UTF8*$!
{
	archiveVersion = 1;
	classes = {
	};
	objectVersion = 77;
	objects = {

/* Begin PBXBuildFile section */
		724C715A2DA5B445001A2206 /* PhotoPicker.swift in Sources */ = {isa = PBXBuildFile; fileRef = 724C71592DA5B444001A2206 /* PhotoPicker.swift */; };
/* End PBXBuildFile section */

/* Begin PBXContainerItemProxy section */
		724C713D2DA5AB28001A2206 /* PBXContainerItemProxy */ = {
			isa = PBXContainerItemProxy;
			containerPortal = 724C71242DA5AB26001A2206 /* Project object */;
			proxyType = 1;
			remoteGlobalIDString = 724C712B2DA5AB26001A2206;
			remoteInfo = Binify_Demo_0.1;
		};
		724C71472DA5AB28001A2206 /* PBXContainerItemProxy */ = {
			isa = PBXContainerItemProxy;
			containerPortal = 724C71242DA5AB26001A2206 /* Project object */;
			proxyType = 1;
			remoteGlobalIDString = 724C712B2DA5AB26001A2206;
			remoteInfo = Binify_Demo_0.1;
		};
/* End PBXContainerItemProxy section */

/* Begin PBXFileReference section */
		724C712C2DA5AB26001A2206 /* Binify_Demo_0.1.app */ = {isa = PBXFileReference; explicitFileType = wrapper.application; includeInIndex = 0; path = Binify_Demo_0.1.app; sourceTree = BUILT_PRODUCTS_DIR; };
		724C713C2DA5AB28001A2206 /* Binify_Demo_0.1Tests.xctest */ = {isa = PBXFileReference; explicitFileType = wrapper.cfbundle; includeInIndex = 0; path = Binify_Demo_0.1Tests.xctest; sourceTree = BUILT_PRODUCTS_DIR; };
		724C71462DA5AB28001A2206 /* Binify_Demo_0.1UITests.xctest */ = {isa = PBXFileReference; explicitFileType = wrapper.cfbundle; includeInIndex = 0; path = Binify_Demo_0.1UITests.xctest; sourceTree = BUILT_PRODUCTS_DIR; };
		724C71592DA5B444001A2206 /* PhotoPicker.swift */ = {isa = PBXFileReference; lastKnownFileType = sourcecode.swift; path = PhotoPicker.swift; sourceTree = "<group>"; };
/* End PBXFileReference section */

/* Begin PBXFileSystemSynchronizedRootGroup section */
		724C712E2DA5AB26001A2206 /* Binify_Demo_0.1 */ = {
			isa = PBXFileSystemSynchronizedRootGroup;
			path = Binify_Demo_0.1;
			sourceTree = "<group>";
		};
		724C713F2DA5AB28001A2206 /* Binify_Demo_0.1Tests */ = {
			isa = PBXFileSystemSynchronizedRootGroup;
			path = Binify_Demo_0.1Tests;
			sourceTree = "<group>";
		};
		724C71492DA5AB28001A2206 /* Binify_Demo_0.1UITests */ = {
			isa = PBXFileSystemSynchronizedRootGroup;
			path = Binify_Demo_0.1UITests;
			sourceTree = "<group>";
		};
/* End PBXFileSystemSynchronizedRootGroup section */

/* Begin PBXFrameworksBuildPhase section */
		724C71292DA5AB26001A2206 /* Frameworks */ = {
			isa = PBXFrameworksBuildPhase;
			buildActionMask = 2147483647;
			files = (
			);
			runOnlyForDeploymentPostprocessing = 0;
		};
		724C71392DA5AB28001A2206 /* Frameworks */ = {
			isa = PBXFrameworksBuildPhase;
			buildActionMask = 2147483647;
			files = (
			);
			runOnlyForDeploymentPostprocessing = 0;
		};
		724C71432DA5AB28001A2206 /* Frameworks */ = {
			isa = PBXFrameworksBuildPhase;
			buildActionMask = 2147483647;
			files = (
			);
			runOnlyForDeploymentPostprocessing = 0;
		};
/* End PBXFrameworksBuildPhase section */

/* Begin PBXGroup section */
		724C71232DA5AB26001A2206 = {
			isa = PBXGroup;
			children = (
				724C71592DA5B444001A2206 /* PhotoPicker.swift */,
				724C712E2DA5AB26001A2206 /* Binify_Demo_0.1 */,
				724C713F2DA5AB28001A2206 /* Binify_Demo_0.1Tests */,
				724C71492DA5AB28001A2206 /* Binify_Demo_0.1UITests */,
				724C712D2DA5AB26001A2206 /* Products */,
			);
			sourceTree = "<group>";
		};
		724C712D2DA5AB26001A2206 /* Products */ = {
			isa = PBXGroup;
			children = (
				724C712C2DA5AB26001A2206 /* Binify_Demo_0.1.app */,
				724C713C2DA5AB28001A2206 /* Binify_Demo_0.1Tests.xctest */,
				724C71462DA5AB28001A2206 /* Binify_Demo_0.1UITests.xctest */,
			);
			name = Products;
			sourceTree = "<group>";
		};
/* End PBXGroup section */

/* Begin PBXNativeTarget section */
		724C712B2DA5AB26001A2206 /* Binify_Demo_0.1 */ = {
			isa = PBXNativeTarget;
			buildConfigurationList = 724C71502DA5AB28001A2206 /* Build configuration list for PBXNativeTarget "Binify_Demo_0.1" */;
			buildPhases = (
				724C71282DA5AB26001A2206 /* Sources */,
				724C71292DA5AB26001A2206 /* Frameworks */,
				724C712A2DA5AB26001A2206 /* Resources */,
			);
			buildRules = (
			);
			dependencies = (
			);
			fileSystemSynchronizedGroups = (
				724C712E2DA5AB26001A2206 /* Binify_Demo_0.1 */,
			);
			name = Binify_Demo_0.1;
			packageProductDependencies = (
			);
			productName = Binify_Demo_0.1;
			productReference = 724C712C2DA5AB26001A2206 /* Binify_Demo_0.1.app */;
			productType = "com.apple.product-type.application";
		};
		724C713B2DA5AB28001A2206 /* Binify_Demo_0.1Tests */ = {
			isa = PBXNativeTarget;
			buildConfigurationList = 724C71532DA5AB28001A2206 /* Build configuration list for PBXNativeTarget "Binify_Demo_0.1Tests" */;
			buildPhases = (
				724C71382DA5AB28001A2206 /* Sources */,
				724C71392DA5AB28001A2206 /* Frameworks */,
				724C713A2DA5AB28001A2206 /* Resources */,
			);
			buildRules = (
			);
			dependencies = (
				724C713E2DA5AB28001A2206 /* PBXTargetDependency */,
			);
			fileSystemSynchronizedGroups = (
				724C713F2DA5AB28001A2206 /* Binify_Demo_0.1Tests */,
			);
			name = Binify_Demo_0.1Tests;
			packageProductDependencies = (
			);
			productName = Binify_Demo_0.1Tests;
			productReference = 724C713C2DA5AB28001A2206 /* Binify_Demo_0.1Tests.xctest */;
			productType = "com.apple.product-type.bundle.unit-test";
		};
		724C71452DA5AB28001A2206 /* Binify_Demo_0.1UITests */ = {
			isa = PBXNativeTarget;
			buildConfigurationList = 724C71562DA5AB28001A2206 /* Build configuration list for PBXNativeTarget "Binify_Demo_0.1UITests" */;
			buildPhases = (
				724C71422DA5AB28001A2206 /* Sources */,
				724C71432DA5AB28001A2206 /* Frameworks */,
				724C71442DA5AB28001A2206 /* Resources */,
			);
			buildRules = (
			);
			dependencies = (
				724C71482DA5AB28001A2206 /* PBXTargetDependency */,
			);
			fileSystemSynchronizedGroups = (
				724C71492DA5AB28001A2206 /* Binify_Demo_0.1UITests */,
			);
			name = Binify_Demo_0.1UITests;
			packageProductDependencies = (
			);
			productName = Binify_Demo_0.1UITests;
			productReference = 724C71462DA5AB28001A2206 /* Binify_Demo_0.1UITests.xctest */;
			productType = "com.apple.product-type.bundle.ui-testing";
		};
/* End PBXNativeTarget section */

/* Begin PBXProject section */
		724C71242DA5AB26001A2206 /* Project object */ = {
			isa = PBXProject;
			attributes = {
				BuildIndependentTargetsInParallel = 1;
				LastSwiftUpdateCheck = 1620;
				LastUpgradeCheck = 1620;
				TargetAttributes = {
					724C712B2DA5AB26001A2206 = {
						CreatedOnToolsVersion = 16.2;
					};
					724C713B2DA5AB28001A2206 = {
						CreatedOnToolsVersion = 16.2;
						TestTargetID = 724C712B2DA5AB26001A2206;
					};
					724C71452DA5AB28001A2206 = {
						CreatedOnToolsVersion = 16.2;
						TestTargetID = 724C712B2DA5AB26001A2206;
					};
				};
			};
			buildConfigurationList = 724C71272DA5AB26001A2206 /* Build configuration list for PBXProject "Binify_Demo_0.1" */;
			developmentRegion = en;
			hasScannedForEncodings = 0;
			knownRegions = (
				en,
				Base,
			);
			mainGroup = 724C71232DA5AB26001A2206;
			minimizedProjectReferenceProxies = 1;
			preferredProjectObjectVersion = 77;
			productRefGroup = 724C712D2DA5AB26001A2206 /* Products */;
			projectDirPath = "";
			projectRoot = "";
			targets = (
				724C712B2DA5AB26001A2206 /* Binify_Demo_0.1 */,
				724C713B2DA5AB28001A2206 /* Binify_Demo_0.1Tests */,
				724C71452DA5AB28001A2206 /* Binify_Demo_0.1UITests */,
			);
		};
/* End PBXProject section */

/* Begin PBXResourcesBuildPhase section */
		724C712A2DA5AB26001A2206 /* Resources */ = {
			isa = PBXResourcesBuildPhase;
			buildActionMask = 2147483647;
			files = (
			);
			runOnlyForDeploymentPostprocessing = 0;
		};
		724C713A2DA5AB28001A2206 /* Resources */ = {
			isa = PBXResourcesBuildPhase;
			buildActionMask = 2147483647;
			files = (
			);
			runOnlyForDeploymentPostprocessing = 0;
		};
		724C71442DA5AB28001A2206 /* Resources */ = {
			isa = PBXResourcesBuildPhase;
			buildActionMask = 2147483647;
			files = (
			);
			runOnlyForDeploymentPostprocessing = 0;
		};
/* End PBXResourcesBuildPhase section */

/* Begin PBXSourcesBuildPhase section */
		724C71282DA5AB26001A2206 /* Sources */ = {
			isa = PBXSourcesBuildPhase;
			buildActionMask = 2147483647;
			files = (
				724C715A2DA5B445001A2206 /* PhotoPicker.swift in Sources */,
			);
			runOnlyForDeploymentPostprocessing = 0;
		};
		724C71382DA5AB28001A2206 /* Sources */ = {
			isa = PBXSourcesBuildPhase;
			buildActionMask = 2147483647;
			files = (
			);
			runOnlyForDeploymentPostprocessing = 0;
		};
		724C71422DA5AB28001A2206 /* Sources */ = {
			isa = PBXSourcesBuildPhase;
			buildActionMask = 2147483647;
			files = (
			);
			runOnlyForDeploymentPostprocessing = 0;
		};
/* End PBXSourcesBuildPhase section */

/* Begin PBXTargetDependency section */
		724C713E2DA5AB28001A2206 /* PBXTargetDependency */ = {
			isa = PBXTargetDependency;
			target = 724C712B2DA5AB26001A2206 /* Binify_Demo_0.1 */;
			targetProxy = 724C713D2DA5AB28001A2206 /* PBXContainerItemProxy */;
		};
		724C71482DA5AB28001A2206 /* PBXTargetDependency */ = {
			isa = PBXTargetDependency;
			target = 724C712B2DA5AB26001A2206 /* Binify_Demo_0.1 */;
			targetProxy = 724C71472DA5AB28001A2206 /* PBXContainerItemProxy */;
		};
/* End PBXTargetDependency section */

/* Begin XCBuildConfiguration section */
		724C714E2DA5AB28001A2206 /* Debug */ = {
			isa = XCBuildConfiguration;
			buildSettings = {
				ALWAYS_SEARCH_USER_PATHS = NO;
				ASSETCATALOG_COMPILER_GENERATE_SWIFT_ASSET_SYMBOL_EXTENSIONS = YES;
				CLANG_ANALYZER_NONNULL = YES;
				CLANG_ANALYZER_NUMBER_OBJECT_CONVERSION = YES_AGGRESSIVE;
				CLANG_CXX_LANGUAGE_STANDARD = "gnu++20";
				CLANG_ENABLE_MODULES = YES;
				CLANG_ENABLE_OBJC_ARC = YES;
				CLANG_ENABLE_OBJC_WEAK = YES;
				CLANG_WARN_BLOCK_CAPTURE_AUTORELEASING = YES;
				CLANG_WARN_BOOL_CONVERSION = YES;
				CLANG_WARN_COMMA = YES;
				CLANG_WARN_CONSTANT_CONVERSION = YES;
				CLANG_WARN_DEPRECATED_OBJC_IMPLEMENTATIONS = YES;
				CLANG_WARN_DIRECT_OBJC_ISA_USAGE = YES_ERROR;
				CLANG_WARN_DOCUMENTATION_COMMENTS = YES;
				CLANG_WARN_EMPTY_BODY = YES;
				CLANG_WARN_ENUM_CONVERSION = YES;
				CLANG_WARN_INFINITE_RECURSION = YES;
				CLANG_WARN_INT_CONVERSION = YES;
				CLANG_WARN_NON_LITERAL_NULL_CONVERSION = YES;
				CLANG_WARN_OBJC_IMPLICIT_RETAIN_SELF = YES;
				CLANG_WARN_OBJC_LITERAL_CONVERSION = YES;
				CLANG_WARN_OBJC_ROOT_CLASS = YES_ERROR;
				CLANG_WARN_QUOTED_INCLUDE_IN_FRAMEWORK_HEADER = YES;
				CLANG_WARN_RANGE_LOOP_ANALYSIS = YES;
				CLANG_WARN_STRICT_PROTOTYPES = YES;
				CLANG_WARN_SUSPICIOUS_MOVE = YES;
				CLANG_WARN_UNGUARDED_AVAILABILITY = YES_AGGRESSIVE;
				CLANG_WARN_UNREACHABLE_CODE = YES;
				CLANG_WARN__DUPLICATE_METHOD_MATCH = YES;
				COPY_PHASE_STRIP = NO;
				DEBUG_INFORMATION_FORMAT = dwarf;
				ENABLE_STRICT_OBJC_MSGSEND = YES;
				ENABLE_TESTABILITY = YES;
				ENABLE_USER_SCRIPT_SANDBOXING = YES;
				GCC_C_LANGUAGE_STANDARD = gnu17;
				GCC_DYNAMIC_NO_PIC = NO;
				GCC_NO_COMMON_BLOCKS = YES;
				GCC_OPTIMIZATION_LEVEL = 0;
				GCC_PREPROCESSOR_DEFINITIONS = (
					"DEBUG=1",
					"$(inherited)",
				);
				GCC_WARN_64_TO_32_BIT_CONVERSION = YES;
				GCC_WARN_ABOUT_RETURN_TYPE = YES_ERROR;
				GCC_WARN_UNDECLARED_SELECTOR = YES;
				GCC_WARN_UNINITIALIZED_AUTOS = YES_AGGRESSIVE;
				GCC_WARN_UNUSED_FUNCTION = YES;
				GCC_WARN_UNUSED_VARIABLE = YES;
				IPHONEOS_DEPLOYMENT_TARGET = 18.2;
				LOCALIZATION_PREFERS_STRING_CATALOGS = YES;
				MTL_ENABLE_DEBUG_INFO = INCLUDE_SOURCE;
				MTL_FAST_MATH = YES;
				ONLY_ACTIVE_ARCH = YES;
				SDKROOT = iphoneos;
				SWIFT_ACTIVE_COMPILATION_CONDITIONS = "DEBUG $(inherited)";
				SWIFT_OPTIMIZATION_LEVEL = "-Onone";
			};
			name = Debug;
		};
		724C714F2DA5AB28001A2206 /* Release */ = {
			isa = XCBuildConfiguration;
			buildSettings = {
				ALWAYS_SEARCH_USER_PATHS = NO;
				ASSETCATALOG_COMPILER_GENERATE_SWIFT_ASSET_SYMBOL_EXTENSIONS = YES;
				CLANG_ANALYZER_NONNULL = YES;
				CLANG_ANALYZER_NUMBER_OBJECT_CONVERSION = YES_AGGRESSIVE;
				CLANG_CXX_LANGUAGE_STANDARD = "gnu++20";
				CLANG_ENABLE_MODULES = YES;
				CLANG_ENABLE_OBJC_ARC = YES;
				CLANG_ENABLE_OBJC_WEAK = YES;
				CLANG_WARN_BLOCK_CAPTURE_AUTORELEASING = YES;
				CLANG_WARN_BOOL_CONVERSION = YES;
				CLANG_WARN_COMMA = YES;
				CLANG_WARN_CONSTANT_CONVERSION = YES;
				CLANG_WARN_DEPRECATED_OBJC_IMPLEMENTATIONS = YES;
				CLANG_WARN_DIRECT_OBJC_ISA_USAGE = YES_ERROR;
				CLANG_WARN_DOCUMENTATION_COMMENTS = YES;
				CLANG_WARN_EMPTY_BODY = YES;
				CLANG_WARN_ENUM_CONVERSION = YES;
				CLANG_WARN_INFINITE_RECURSION = YES;
				CLANG_WARN_INT_CONVERSION = YES;
				CLANG_WARN_NON_LITERAL_NULL_CONVERSION = YES;
				CLANG_WARN_OBJC_IMPLICIT_RETAIN_SELF = YES;
				CLANG_WARN_OBJC_LITERAL_CONVERSION = YES;
				CLANG_WARN_OBJC_ROOT_CLASS = YES_ERROR;
				CLANG_WARN_QUOTED_INCLUDE_IN_FRAMEWORK_HEADER = YES;
				CLANG_WARN_RANGE_LOOP_ANALYSIS = YES;
				CLANG_WARN_STRICT_PROTOTYPES = YES;
				CLANG_WARN_SUSPICIOUS_MOVE = YES;
				CLANG_WARN_UNGUARDED_AVAILABILITY = YES_AGGRESSIVE;
				CLANG_WARN_UNREACHABLE_CODE = YES;
				CLANG_WARN__DUPLICATE_METHOD_MATCH = YES;
				COPY_PHASE_STRIP = NO;
				DEBUG_INFORMATION_FORMAT = "dwarf-with-dsym";
				ENABLE_NS_ASSERTIONS = NO;
				ENABLE_STRICT_OBJC_MSGSEND = YES;
				ENABLE_USER_SCRIPT_SANDBOXING = YES;
				GCC_C_LANGUAGE_STANDARD = gnu17;
				GCC_NO_COMMON_BLOCKS = YES;
				GCC_WARN_64_TO_32_BIT_CONVERSION = YES;
				GCC_WARN_ABOUT_RETURN_TYPE = YES_ERROR;
				GCC_WARN_UNDECLARED_SELECTOR = YES;
				GCC_WARN_UNINITIALIZED_AUTOS = YES_AGGRESSIVE;
				GCC_WARN_UNUSED_FUNCTION = YES;
				GCC_WARN_UNUSED_VARIABLE = YES;
				IPHONEOS_DEPLOYMENT_TARGET = 18.2;
				LOCALIZATION_PREFERS_STRING_CATALOGS = YES;
				MTL_ENABLE_DEBUG_INFO = NO;
				MTL_FAST_MATH = YES;
				SDKROOT = iphoneos;
				SWIFT_COMPILATION_MODE = wholemodule;
				VALIDATE_PRODUCT = YES;
			};
			name = Release;
		};
		724C71512DA5AB28001A2206 /* Debug */ = {
			isa = XCBuildConfiguration;
			buildSettings = {
				ASSETCATALOG_COMPILER_APPICON_NAME = AppIcon;
				ASSETCATALOG_COMPILER_GLOBAL_ACCENT_COLOR_NAME = AccentColor;
				CODE_SIGN_STYLE = Automatic;
				CURRENT_PROJECT_VERSION = 1;
				DEVELOPMENT_ASSET_PATHS = "\"Binify_Demo_0.1/Preview Content\"";
				ENABLE_PREVIEWS = YES;
				GENERATE_INFOPLIST_FILE = YES;
				INFOPLIST_KEY_UIApplicationSceneManifest_Generation = YES;
				INFOPLIST_KEY_UIApplicationSupportsIndirectInputEvents = YES;
				INFOPLIST_KEY_UILaunchScreen_Generation = YES;
				INFOPLIST_KEY_UISupportedInterfaceOrientations_iPad = "UIInterfaceOrientationPortrait UIInterfaceOrientationPortraitUpsideDown UIInterfaceOrientationLandscapeLeft UIInterfaceOrientationLandscapeRight";
				INFOPLIST_KEY_UISupportedInterfaceOrientations_iPhone = "UIInterfaceOrientationPortrait UIInterfaceOrientationLandscapeLeft UIInterfaceOrientationLandscapeRight";
				LD_RUNPATH_SEARCH_PATHS = (
					"$(inherited)",
					"@executable_path/Frameworks",
				);
				MARKETING_VERSION = 1.0;
				PRODUCT_BUNDLE_IDENTIFIER = "com.prithikavenkatesh.Binify-Demo-0-1";
				PRODUCT_NAME = "$(TARGET_NAME)";
				SWIFT_EMIT_LOC_STRINGS = YES;
				SWIFT_VERSION = 5.0;
				TARGETED_DEVICE_FAMILY = "1,2";
			};
			name = Debug;
		};
		724C71522DA5AB28001A2206 /* Release */ = {
			isa = XCBuildConfiguration;
			buildSettings = {
				ASSETCATALOG_COMPILER_APPICON_NAME = AppIcon;
				ASSETCATALOG_COMPILER_GLOBAL_ACCENT_COLOR_NAME = AccentColor;
				CODE_SIGN_STYLE = Automatic;
				CURRENT_PROJECT_VERSION = 1;
				DEVELOPMENT_ASSET_PATHS = "\"Binify_Demo_0.1/Preview Content\"";
				ENABLE_PREVIEWS = YES;
				GENERATE_INFOPLIST_FILE = YES;
				INFOPLIST_KEY_UIApplicationSceneManifest_Generation = YES;
				INFOPLIST_KEY_UIApplicationSupportsIndirectInputEvents = YES;
				INFOPLIST_KEY_UILaunchScreen_Generation = YES;
				INFOPLIST_KEY_UISupportedInterfaceOrientations_iPad = "UIInterfaceOrientationPortrait UIInterfaceOrientationPortraitUpsideDown UIInterfaceOrientationLandscapeLeft UIInterfaceOrientationLandscapeRight";
				INFOPLIST_KEY_UISupportedInterfaceOrientations_iPhone = "UIInterfaceOrientationPortrait UIInterfaceOrientationLandscapeLeft UIInterfaceOrientationLandscapeRight";
				LD_RUNPATH_SEARCH_PATHS = (
					"$(inherited)",
					"@executable_path/Frameworks",
				);
				MARKETING_VERSION = 1.0;
				PRODUCT_BUNDLE_IDENTIFIER = "com.prithikavenkatesh.Binify-Demo-0-1";
				PRODUCT_NAME = "$(TARGET_NAME)";
				SWIFT_EMIT_LOC_STRINGS = YES;
				SWIFT_VERSION = 5.0;
				TARGETED_DEVICE_FAMILY = "1,2";
			};
			name = Release;
		};
		724C71542DA5AB28001A2206 /* Debug */ = {
			isa = XCBuildConfiguration;
			buildSettings = {
				BUNDLE_LOADER = "$(TEST_HOST)";
				CODE_SIGN_STYLE = Automatic;
				CURRENT_PROJECT_VERSION = 1;
				GENERATE_INFOPLIST_FILE = YES;
				IPHONEOS_DEPLOYMENT_TARGET = 18.2;
				MARKETING_VERSION = 1.0;
				PRODUCT_BUNDLE_IDENTIFIER = "com.prithikavenkatesh.Binify-Demo-0-1Tests";
				PRODUCT_NAME = "$(TARGET_NAME)";
				SWIFT_EMIT_LOC_STRINGS = NO;
				SWIFT_VERSION = 5.0;
				TARGETED_DEVICE_FAMILY = "1,2";
				TEST_HOST = "$(BUILT_PRODUCTS_DIR)/Binify_Demo_0.1.app/$(BUNDLE_EXECUTABLE_FOLDER_PATH)/Binify_Demo_0.1";
			};
			name = Debug;
		};
		724C71552DA5AB28001A2206 /* Release */ = {
			isa = XCBuildConfiguration;
			buildSettings = {
				BUNDLE_LOADER = "$(TEST_HOST)";
				CODE_SIGN_STYLE = Automatic;
				CURRENT_PROJECT_VERSION = 1;
				GENERATE_INFOPLIST_FILE = YES;
				IPHONEOS_DEPLOYMENT_TARGET = 18.2;
				MARKETING_VERSION = 1.0;
				PRODUCT_BUNDLE_IDENTIFIER = "com.prithikavenkatesh.Binify-Demo-0-1Tests";
				PRODUCT_NAME = "$(TARGET_NAME)";
				SWIFT_EMIT_LOC_STRINGS = NO;
				SWIFT_VERSION = 5.0;
				TARGETED_DEVICE_FAMILY = "1,2";
				TEST_HOST = "$(BUILT_PRODUCTS_DIR)/Binify_Demo_0.1.app/$(BUNDLE_EXECUTABLE_FOLDER_PATH)/Binify_Demo_0.1";
			};
			name = Release;
		};
		724C71572DA5AB28001A2206 /* Debug */ = {
			isa = XCBuildConfiguration;
			buildSettings = {
				CODE_SIGN_STYLE = Automatic;
				CURRENT_PROJECT_VERSION = 1;
				GENERATE_INFOPLIST_FILE = YES;
				MARKETING_VERSION = 1.0;
				PRODUCT_BUNDLE_IDENTIFIER = "com.prithikavenkatesh.Binify-Demo-0-1UITests";
				PRODUCT_NAME = "$(TARGET_NAME)";
				SWIFT_EMIT_LOC_STRINGS = NO;
				SWIFT_VERSION = 5.0;
				TARGETED_DEVICE_FAMILY = "1,2";
				TEST_TARGET_NAME = Binify_Demo_0.1;
			};
			name = Debug;
		};
		724C71582DA5AB28001A2206 /* Release */ = {
			isa = XCBuildConfiguration;
			buildSettings = {
				CODE_SIGN_STYLE = Automatic;
				CURRENT_PROJECT_VERSION = 1;
				GENERATE_INFOPLIST_FILE = YES;
				MARKETING_VERSION = 1.0;
				PRODUCT_BUNDLE_IDENTIFIER = "com.prithikavenkatesh.Binify-Demo-0-1UITests";
				PRODUCT_NAME = "$(TARGET_NAME)";
				SWIFT_EMIT_LOC_STRINGS = NO;
				SWIFT_VERSION = 5.0;
				TARGETED_DEVICE_FAMILY = "1,2";
				TEST_TARGET_NAME = Binify_Demo_0.1;
			};
			name = Release;
		};
/* End XCBuildConfiguration section */

/* Begin XCConfigurationList section */
		724C71272DA5AB26001A2206 /* Build configuration list for PBXProject "Binify_Demo_0.1" */ = {
			isa = XCConfigurationList;
			buildConfigurations = (
				724C714E2DA5AB28001A2206 /* Debug */,
				724C714F2DA5AB28001A2206 /* Release */,
			);
			defaultConfigurationIsVisible = 0;
			defaultConfigurationName = Release;
		};
		724C71502DA5AB28001A2206 /* Build configuration list for PBXNativeTarget "Binify_Demo_0.1" */ = {
			isa = XCConfigurationList;
			buildConfigurations = (
				724C71512DA5AB28001A2206 /* Debug */,
				724C71522DA5AB28001A2206 /* Release */,
			);
			defaultConfigurationIsVisible = 0;
			defaultConfigurationName = Release;
		};
		724C71532DA5AB28001A2206 /* Build configuration list for PBXNativeTarget "Binify_Demo_0.1Tests" */ = {
			isa = XCConfigurationList;
			buildConfigurations = (
				724C71542DA5AB28001A2206 /* Debug */,
				724C71552DA5AB28001A2206 /* Release */,
			);
			defaultConfigurationIsVisible = 0;
			defaultConfigurationName = Release;
		};
		724C71562DA5AB28001A2206 /* Build configuration list for PBXNativeTarget "Binify_Demo_0.1UITests" */ = {
			isa = XCConfigurationList;
			buildConfigurations = (
				724C71572DA5AB28001A2206 /* Debug */,
				724C71582DA5AB28001A2206 /* Release */,
			);
			defaultConfigurationIsVisible = 0;
			defaultConfigurationName = Release;
		};
/* End XCConfigurationList section */
	};
	rootObject = 724C71242DA5AB26001A2206 /* Project object */;
}
